
Microsoft Visual Studio Solution File, Format Version 12.00
# Visual Studio 2012
Project("{FAE04EC0-301F-11D3-BF4B-00C04F79EFBC}") = "UnityVS.animin-master.CSharp", "UnityVS.animin-master.CSharp.csproj", "{3B770068-7FA6-74B5-4BD2-AC4306FDE473}"
EndProject
Project("{FAE04EC0-301F-11D3-BF4B-00C04F79EFBC}") = "UnityVS.animin-master.CSharp.Editor", "UnityVS.animin-master.CSharp.Editor.csproj", "{168BEE2B-A926-5178-8A13-CD3C8CEEB30C}"
EndProject
Project("{FAE04EC0-301F-11D3-BF4B-00C04F79EFBC}") = "UnityVS.animin-master.CSharp.Plugins", "UnityVS.animin-master.CSharp.Plugins.csproj", "{139F6B76-7EC1-B9F9-3311-40F83CA8BD8D}"
EndProject
Global
	GlobalSection(SolutionConfigurationPlatforms) = preSolution
		Debug|Any CPU = Debug|Any CPU
		Release|Any CPU = Release|Any CPU
	EndGlobalSection
	GlobalSection(ProjectConfigurationPlatforms) = postSolution
		{3B770068-7FA6-74B5-4BD2-AC4306FDE473}.Debug|Any CPU.ActiveCfg = Debug|Any CPU
		{3B770068-7FA6-74B5-4BD2-AC4306FDE473}.Debug|Any CPU.Build.0 = Debug|Any CPU
		{3B770068-7FA6-74B5-4BD2-AC4306FDE473}.Release|Any CPU.ActiveCfg = Release|Any CPU
		{3B770068-7FA6-74B5-4BD2-AC4306FDE473}.Release|Any CPU.Build.0 = Release|Any CPU
		{168BEE2B-A926-5178-8A13-CD3C8CEEB30C}.Debug|Any CPU.ActiveCfg = Debug|Any CPU
		{168BEE2B-A926-5178-8A13-CD3C8CEEB30C}.Debug|Any CPU.Build.0 = Debug|Any CPU
		{168BEE2B-A926-5178-8A13-CD3C8CEEB30C}.Release|Any CPU.ActiveCfg = Release|Any CPU
		{168BEE2B-A926-5178-8A13-CD3C8CEEB30C}.Release|Any CPU.Build.0 = Release|Any CPU
		{139F6B76-7EC1-B9F9-3311-40F83CA8BD8D}.Debug|Any CPU.ActiveCfg = Debug|Any CPU
		{139F6B76-7EC1-B9F9-3311-40F83CA8BD8D}.Debug|Any CPU.Build.0 = Debug|Any CPU
		{139F6B76-7EC1-B9F9-3311-40F83CA8BD8D}.Release|Any CPU.ActiveCfg = Release|Any CPU
		{139F6B76-7EC1-B9F9-3311-40F83CA8BD8D}.Release|Any CPU.Build.0 = Release|Any CPU
	EndGlobalSection
	GlobalSection(SolutionProperties) = preSolution
		HideSolutionNode = FALSE
	EndGlobalSection
EndGlobal
