
Microsoft Visual Studio Solution File, Format Version 12.00
# Visual Studio 2012
Project("{FAE04EC0-301F-11D3-BF4B-00C04F79EFBC}") = "UnityVS.animin.CSharp", "UnityVS.animin.CSharp.csproj", "{75849B80-1147-A605-C00C-E15B294DF6AD}"
EndProject
Project("{FAE04EC0-301F-11D3-BF4B-00C04F79EFBC}") = "UnityVS.animin.CSharp.Editor", "UnityVS.animin.CSharp.Editor.csproj", "{F593B2F1-CA80-F647-68F1-D88F9E603B3C}"
EndProject
Project("{FAE04EC0-301F-11D3-BF4B-00C04F79EFBC}") = "UnityVS.animin.CSharp.Plugins", "UnityVS.animin.CSharp.Plugins.csproj", "{BB6855E9-BA77-1BEB-C158-CB2903B4D8A4}"
EndProject
Global
	GlobalSection(SolutionConfigurationPlatforms) = preSolution
		Debug|Any CPU = Debug|Any CPU
		Release|Any CPU = Release|Any CPU
	EndGlobalSection
	GlobalSection(ProjectConfigurationPlatforms) = postSolution
		{75849B80-1147-A605-C00C-E15B294DF6AD}.Debug|Any CPU.ActiveCfg = Debug|Any CPU
		{75849B80-1147-A605-C00C-E15B294DF6AD}.Debug|Any CPU.Build.0 = Debug|Any CPU
		{75849B80-1147-A605-C00C-E15B294DF6AD}.Release|Any CPU.ActiveCfg = Release|Any CPU
		{75849B80-1147-A605-C00C-E15B294DF6AD}.Release|Any CPU.Build.0 = Release|Any CPU
		{F593B2F1-CA80-F647-68F1-D88F9E603B3C}.Debug|Any CPU.ActiveCfg = Debug|Any CPU
		{F593B2F1-CA80-F647-68F1-D88F9E603B3C}.Debug|Any CPU.Build.0 = Debug|Any CPU
		{F593B2F1-CA80-F647-68F1-D88F9E603B3C}.Release|Any CPU.ActiveCfg = Release|Any CPU
		{F593B2F1-CA80-F647-68F1-D88F9E603B3C}.Release|Any CPU.Build.0 = Release|Any CPU
		{BB6855E9-BA77-1BEB-C158-CB2903B4D8A4}.Debug|Any CPU.ActiveCfg = Debug|Any CPU
		{BB6855E9-BA77-1BEB-C158-CB2903B4D8A4}.Debug|Any CPU.Build.0 = Debug|Any CPU
		{BB6855E9-BA77-1BEB-C158-CB2903B4D8A4}.Release|Any CPU.ActiveCfg = Release|Any CPU
		{BB6855E9-BA77-1BEB-C158-CB2903B4D8A4}.Release|Any CPU.Build.0 = Release|Any CPU
	EndGlobalSection
	GlobalSection(SolutionProperties) = preSolution
		HideSolutionNode = FALSE
	EndGlobalSection
EndGlobal
